{
  "lockfileVersion": 1,
  "configVersion": 1,
  "workspaces": {
    "": {
      "name": "ha-today-card",
      "dependencies": {
        "custom-card-helpers": "^1.9.0",
        "dayjs": "^1.11.13",
        "home-assistant-js-websocket": "^9.4.0",
        "lit": "^3.2.1",
        "superstruct": "^2.0.2",
      },
      "devDependencies": {
        "prettier": "^3.5.2",
      },
    },
  },
  "packages": {
    "@formatjs/ecma402-abstract": ["@formatjs/ecma402-abstract@1.11.4", "", { "dependencies": { "@formatjs/intl-localematcher": "0.2.25", "tslib": "^2.1.0" } }, "sha512-EBikYFp2JCdIfGEb5G9dyCkTGDmC57KSHhRQOC3aYxoPWVZvfWCDjZwkGYHN7Lis/fmuWl906bnNTJifDQ3sXw=="],

    "@formatjs/fast-memoize": ["@formatjs/fast-memoize@1.2.1", "", { "dependencies": { "tslib": "^2.1.0" } }, "sha512-Rg0e76nomkz3vF9IPlKeV+Qynok0r7YZjL6syLz4/urSg0IbjPZCB/iYUMNsYA643gh4mgrX3T7KEIFIxJBQeg=="],

    "@formatjs/icu-messageformat-parser": ["@formatjs/icu-messageformat-parser@2.1.0", "", { "dependencies": { "@formatjs/ecma402-abstract": "1.11.4", "@formatjs/icu-skeleton-parser": "1.3.6", "tslib": "^2.1.0" } }, "sha512-Qxv/lmCN6hKpBSss2uQ8IROVnta2r9jd3ymUEIjm2UyIkUCHVcbUVRGL/KS/wv7876edvsPe+hjHVJ4z8YuVaw=="],

    "@formatjs/icu-skeleton-parser": ["@formatjs/icu-skeleton-parser@1.3.6", "", { "dependencies": { "@formatjs/ecma402-abstract": "1.11.4", "tslib": "^2.1.0" } }, "sha512-I96mOxvml/YLrwU2Txnd4klA7V8fRhb6JG/4hm3VMNmeJo1F03IpV2L3wWt7EweqNLES59SZ4d6hVOPCSf80Bg=="],

    "@formatjs/intl-localematcher": ["@formatjs/intl-localematcher@0.2.25", "", { "dependencies": { "tslib": "^2.1.0" } }, "sha512-YmLcX70BxoSopLFdLr1Ds99NdlTI2oWoLbaUW2M406lxOIPzE1KQhRz2fPUkq34xVZQaihCoU29h0KK7An3bhA=="],

    "@formatjs/intl-utils": ["@formatjs/intl-utils@3.8.4", "", { "dependencies": { "emojis-list": "^3.0.0" } }, "sha512-j5C6NyfKevIxsfLK8KwO1C0vvP7k1+h4A9cFpc+cr6mEwCc1sPkr17dzh0Ke6k9U5pQccAQoXdcNBl3IYa4+ZQ=="],

    "@lit-labs/ssr-dom-shim": ["@lit-labs/ssr-dom-shim@1.5.1", "", {}, "sha512-Aou5UdlSpr5whQe8AA/bZG0jMj96CoJIWbGfZ91qieWu5AWUMKw8VR/pAkQkJYvBNhmCcWnZlyyk5oze8JIqYA=="],

    "@lit/reactive-element": ["@lit/reactive-element@2.1.2", "", { "dependencies": { "@lit-labs/ssr-dom-shim": "^1.5.0" } }, "sha512-pbCDiVMnne1lYUIaYNN5wrwQXDtHaYtg7YEFPeW+hws6U47WeFvISGUWekPGKWOP1ygrs0ef0o1VJMk1exos5A=="],

    "@types/trusted-types": ["@types/trusted-types@2.0.7", "", {}, "sha512-ScaPdn1dQczgbl0QFTeTOmVHFULt394XJgOQNoyVhZ6r2vLnMLJfBPd53SB52T/3G36VI1/g2MZaX0cwDuXsfw=="],

    "custom-card-helpers": ["custom-card-helpers@1.9.0", "", { "dependencies": { "@formatjs/intl-utils": "^3.8.4", "home-assistant-js-websocket": "^6.0.1", "intl-messageformat": "^9.11.1", "lit": "^2.1.1", "rollup": "^2.63.0", "superstruct": "^0.15.3", "typescript": "^4.5.4" } }, "sha512-5IW4OXq3MiiCqDvqeu+MYsM1NmntKW1WfJhyJFsdP2tbzqEI4BOnqRz2qzdp08lE4QLVhYfRLwe0WAqgQVNeFg=="],

    "dayjs": ["dayjs@1.11.19", "", {}, "sha512-t5EcLVS6QPBNqM2z8fakk/NKel+Xzshgt8FFKAn+qwlD1pzZWxh0nVCrvFK7ZDb6XucZeF9z8C7CBWTRIVApAw=="],

    "emojis-list": ["emojis-list@3.0.0", "", {}, "sha512-/kyM18EfinwXZbno9FyUGeFh87KC8HRQBQGildHZbEuRyWFOmv1U10o9BBp8XVZDVNNuQKyIGIu5ZYAAXJ0V2Q=="],

    "fsevents": ["fsevents@2.3.3", "", { "os": "darwin" }, "sha512-5xoDfX+fL7faATnagmWPpbFtwh/R77WmMMqqHGS65C3vvB0YHrgF+B1YmZ3441tMj5n63k0212XNoJwzlhffQw=="],

    "home-assistant-js-websocket": ["home-assistant-js-websocket@9.6.0", "", {}, "sha512-TK8HWW6UjCsUdjIBQRB2sBbEya0VniOBFqFjgqSznJiB7YriNgN8jghyThxOkgxwrnt2eN6oWoZMCTSp1o7H+w=="],

    "intl-messageformat": ["intl-messageformat@9.13.0", "", { "dependencies": { "@formatjs/ecma402-abstract": "1.11.4", "@formatjs/fast-memoize": "1.2.1", "@formatjs/icu-messageformat-parser": "2.1.0", "tslib": "^2.1.0" } }, "sha512-7sGC7QnSQGa5LZP7bXLDhVDtQOeKGeBFGHF2Y8LVBwYZoQZCgWeKoPGTa5GMG8g/TzDgeXuYJQis7Ggiw2xTOw=="],

    "lit": ["lit@3.3.2", "", { "dependencies": { "@lit/reactive-element": "^2.1.0", "lit-element": "^4.2.0", "lit-html": "^3.3.0" } }, "sha512-NF9zbsP79l4ao2SNrH3NkfmFgN/hBYSQo90saIVI1o5GpjAdCPVstVzO1MrLOakHoEhYkrtRjPK6Ob521aoYWQ=="],

    "lit-element": ["lit-element@4.2.2", "", { "dependencies": { "@lit-labs/ssr-dom-shim": "^1.5.0", "@lit/reactive-element": "^2.1.0", "lit-html": "^3.3.0" } }, "sha512-aFKhNToWxoyhkNDmWZwEva2SlQia+jfG0fjIWV//YeTaWrVnOxD89dPKfigCUspXFmjzOEUQpOkejH5Ly6sG0w=="],

    "lit-html": ["lit-html@3.3.2", "", { "dependencies": { "@types/trusted-types": "^2.0.2" } }, "sha512-Qy9hU88zcmaxBXcc10ZpdK7cOLXvXpRoBxERdtqV9QOrfpMZZ6pSYP91LhpPtap3sFMUiL7Tw2RImbe0Al2/kw=="],

    "prettier": ["prettier@3.8.1", "", { "bin": { "prettier": "bin/prettier.cjs" } }, "sha512-UOnG6LftzbdaHZcKoPFtOcCKztrQ57WkHDeRD9t/PTQtmT0NHSeWWepj6pS0z/N7+08BHFDQVUrfmfMRcZwbMg=="],

    "rollup": ["rollup@2.79.2", "", { "optionalDependencies": { "fsevents": "~2.3.2" }, "bin": { "rollup": "dist/bin/rollup" } }, "sha512-fS6iqSPZDs3dr/y7Od6y5nha8dW1YnbgtsyotCVvoFGKbERG++CVRFv1meyGDE1SNItQA8BrnCw7ScdAhRJ3XQ=="],

    "superstruct": ["superstruct@2.0.2", "", {}, "sha512-uV+TFRZdXsqXTL2pRvujROjdZQ4RAlBUS5BTh9IGm+jTqQntYThciG/qu57Gs69yjnVUSqdxF9YLmSnpupBW9A=="],

    "tslib": ["tslib@2.8.1", "", {}, "sha512-oJFu94HQb+KVduSUQL7wnpmqnfmLsOA/nAh6b6EH0wCEoK0/mPeXU6c3wKDV83MkOuHPRHtSXKKU99IBazS/2w=="],

    "typescript": ["typescript@4.9.5", "", { "bin": { "tsc": "bin/tsc", "tsserver": "bin/tsserver" } }, "sha512-1FXk9E2Hm+QzZQ7z+McJiHL4NW1F2EzMu9Nq9i3zAaGqibafqYwCVU6WyWAuyQRRzOlxou8xZSyXLEN8oKj24g=="],

    "custom-card-helpers/home-assistant-js-websocket": ["home-assistant-js-websocket@6.1.1", "", {}, "sha512-TnZFzF4mn5F/v0XKUTK2GMQXrn/+eQpgaSDSELl6U0HSwSbFwRhGWLz330YT+hiKMspDflamsye//RPL+zwhDw=="],

    "custom-card-helpers/lit": ["lit@2.8.0", "", { "dependencies": { "@lit/reactive-element": "^1.6.0", "lit-element": "^3.3.0", "lit-html": "^2.8.0" } }, "sha512-4Sc3OFX9QHOJaHbmTMk28SYgVxLN3ePDjg7hofEft2zWlehFL3LiAuapWc4U/kYwMYJSh2hTCPZ6/LIC7ii0MA=="],

    "custom-card-helpers/superstruct": ["superstruct@0.15.5", "", {}, "sha512-4AOeU+P5UuE/4nOUkmcQdW5y7i9ndt1cQd/3iUe+LTz3RxESf/W/5lg4B74HbDMMv8PHnPnGCQFH45kBcrQYoQ=="],

    "custom-card-helpers/lit/@lit/reactive-element": ["@lit/reactive-element@1.6.3", "", { "dependencies": { "@lit-labs/ssr-dom-shim": "^1.0.0" } }, "sha512-QuTgnG52Poic7uM1AN5yJ09QMe0O28e10XzSvWDz02TJiiKee4stsiownEIadWm8nYzyDAyT+gKzUoZmiWQtsQ=="],

    "custom-card-helpers/lit/lit-element": ["lit-element@3.3.3", "", { "dependencies": { "@lit-labs/ssr-dom-shim": "^1.1.0", "@lit/reactive-element": "^1.3.0", "lit-html": "^2.8.0" } }, "sha512-XbeRxmTHubXENkV4h8RIPyr8lXc+Ff28rkcQzw3G6up2xg5E8Zu1IgOWIwBLEQsu3cOVFqdYwiVi0hv0SlpqUA=="],

    "custom-card-helpers/lit/lit-html": ["lit-html@2.8.0", "", { "dependencies": { "@types/trusted-types": "^2.0.2" } }, "sha512-o9t+MQM3P4y7M7yNzqAyjp7z+mQGa4NS4CxiyLqFPyFWyc4O+nodLrkrxSaCTrla6M5YOLaT3RpbbqjszB5g3Q=="],
  }
}

